
Microsoft Visual Studio Solution File, Format Version 12.00
# Visual Studio 2012
Project("{FAE04EC0-301F-11D3-BF4B-00C04F79EFBC}") = "ICT13580570B3", "ICT13580570B3\ICT13580570B3.csproj", "{85A45AB4-90C2-4717-ACB8-00A85C2FE9A9}"
EndProject
Project("{FAE04EC0-301F-11D3-BF4B-00C04F79EFBC}") = "ICT13580570B3.iOS", "iOS\ICT13580570B3.iOS.csproj", "{CC9102B3-4C65-4F68-81BF-A3E3112CED60}"
EndProject
Project("{FAE04EC0-301F-11D3-BF4B-00C04F79EFBC}") = "ICT13580570B3.Droid", "Droid\ICT13580570B3.Droid.csproj", "{AA166563-DACC-4B8A-87E8-F3E798123E92}"
EndProject
Project("{FAE04EC0-301F-11D3-BF4B-00C04F79EFBC}") = "ICT13580570B3.Api", "ICT13580570B3.Api\ICT13580570B3.Api.csproj", "{1F4C8E25-7388-401C-8468-147200F28650}"
EndProject
Global
	GlobalSection(SolutionConfigurationPlatforms) = preSolution
		Debug|Any CPU = Debug|Any CPU
		Release|Any CPU = Release|Any CPU
		Debug|iPhoneSimulator = Debug|iPhoneSimulator
		Release|iPhone = Release|iPhone
		Release|iPhoneSimulator = Release|iPhoneSimulator
		Debug|iPhone = Debug|iPhone
	EndGlobalSection
	GlobalSection(ProjectConfigurationPlatforms) = postSolution
		{85A45AB4-90C2-4717-ACB8-00A85C2FE9A9}.Debug|Any CPU.ActiveCfg = Debug|Any CPU
		{85A45AB4-90C2-4717-ACB8-00A85C2FE9A9}.Debug|Any CPU.Build.0 = Debug|Any CPU
		{85A45AB4-90C2-4717-ACB8-00A85C2FE9A9}.Release|Any CPU.ActiveCfg = Release|Any CPU
		{85A45AB4-90C2-4717-ACB8-00A85C2FE9A9}.Release|Any CPU.Build.0 = Release|Any CPU
		{85A45AB4-90C2-4717-ACB8-00A85C2FE9A9}.Debug|iPhoneSimulator.ActiveCfg = Debug|Any CPU
		{85A45AB4-90C2-4717-ACB8-00A85C2FE9A9}.Debug|iPhoneSimulator.Build.0 = Debug|Any CPU
		{85A45AB4-90C2-4717-ACB8-00A85C2FE9A9}.Release|iPhone.ActiveCfg = Release|Any CPU
		{85A45AB4-90C2-4717-ACB8-00A85C2FE9A9}.Release|iPhone.Build.0 = Release|Any CPU
		{85A45AB4-90C2-4717-ACB8-00A85C2FE9A9}.Release|iPhoneSimulator.ActiveCfg = Release|Any CPU
		{85A45AB4-90C2-4717-ACB8-00A85C2FE9A9}.Release|iPhoneSimulator.Build.0 = Release|Any CPU
		{85A45AB4-90C2-4717-ACB8-00A85C2FE9A9}.Debug|iPhone.ActiveCfg = Debug|Any CPU
		{85A45AB4-90C2-4717-ACB8-00A85C2FE9A9}.Debug|iPhone.Build.0 = Debug|Any CPU
		{CC9102B3-4C65-4F68-81BF-A3E3112CED60}.Debug|Any CPU.ActiveCfg = Debug|iPhoneSimulator
		{CC9102B3-4C65-4F68-81BF-A3E3112CED60}.Debug|Any CPU.Build.0 = Debug|iPhoneSimulator
		{CC9102B3-4C65-4F68-81BF-A3E3112CED60}.Release|Any CPU.ActiveCfg = Release|iPhone
		{CC9102B3-4C65-4F68-81BF-A3E3112CED60}.Release|Any CPU.Build.0 = Release|iPhone
		{CC9102B3-4C65-4F68-81BF-A3E3112CED60}.Debug|iPhoneSimulator.ActiveCfg = Debug|iPhoneSimulator
		{CC9102B3-4C65-4F68-81BF-A3E3112CED60}.Debug|iPhoneSimulator.Build.0 = Debug|iPhoneSimulator
		{CC9102B3-4C65-4F68-81BF-A3E3112CED60}.Release|iPhone.ActiveCfg = Release|iPhone
		{CC9102B3-4C65-4F68-81BF-A3E3112CED60}.Release|iPhone.Build.0 = Release|iPhone
		{CC9102B3-4C65-4F68-81BF-A3E3112CED60}.Release|iPhoneSimulator.ActiveCfg = Release|iPhoneSimulator
		{CC9102B3-4C65-4F68-81BF-A3E3112CED60}.Release|iPhoneSimulator.Build.0 = Release|iPhoneSimulator
		{CC9102B3-4C65-4F68-81BF-A3E3112CED60}.Debug|iPhone.ActiveCfg = Debug|iPhone
		{CC9102B3-4C65-4F68-81BF-A3E3112CED60}.Debug|iPhone.Build.0 = Debug|iPhone
		{AA166563-DACC-4B8A-87E8-F3E798123E92}.Debug|Any CPU.ActiveCfg = Debug|Any CPU
		{AA166563-DACC-4B8A-87E8-F3E798123E92}.Debug|Any CPU.Build.0 = Debug|Any CPU
		{AA166563-DACC-4B8A-87E8-F3E798123E92}.Release|Any CPU.ActiveCfg = Release|Any CPU
		{AA166563-DACC-4B8A-87E8-F3E798123E92}.Release|Any CPU.Build.0 = Release|Any CPU
		{AA166563-DACC-4B8A-87E8-F3E798123E92}.Debug|iPhoneSimulator.ActiveCfg = Debug|Any CPU
		{AA166563-DACC-4B8A-87E8-F3E798123E92}.Debug|iPhoneSimulator.Build.0 = Debug|Any CPU
		{AA166563-DACC-4B8A-87E8-F3E798123E92}.Release|iPhone.ActiveCfg = Release|Any CPU
		{AA166563-DACC-4B8A-87E8-F3E798123E92}.Release|iPhone.Build.0 = Release|Any CPU
		{AA166563-DACC-4B8A-87E8-F3E798123E92}.Release|iPhoneSimulator.ActiveCfg = Release|Any CPU
		{AA166563-DACC-4B8A-87E8-F3E798123E92}.Release|iPhoneSimulator.Build.0 = Release|Any CPU
		{AA166563-DACC-4B8A-87E8-F3E798123E92}.Debug|iPhone.ActiveCfg = Debug|Any CPU
		{AA166563-DACC-4B8A-87E8-F3E798123E92}.Debug|iPhone.Build.0 = Debug|Any CPU
		{1F4C8E25-7388-401C-8468-147200F28650}.Debug|Any CPU.ActiveCfg = Debug|Any CPU
		{1F4C8E25-7388-401C-8468-147200F28650}.Debug|Any CPU.Build.0 = Debug|Any CPU
		{1F4C8E25-7388-401C-8468-147200F28650}.Release|Any CPU.ActiveCfg = Release|Any CPU
		{1F4C8E25-7388-401C-8468-147200F28650}.Release|Any CPU.Build.0 = Release|Any CPU
		{1F4C8E25-7388-401C-8468-147200F28650}.Debug|iPhoneSimulator.ActiveCfg = Debug|Any CPU
		{1F4C8E25-7388-401C-8468-147200F28650}.Debug|iPhoneSimulator.Build.0 = Debug|Any CPU
		{1F4C8E25-7388-401C-8468-147200F28650}.Release|iPhone.ActiveCfg = Release|Any CPU
		{1F4C8E25-7388-401C-8468-147200F28650}.Release|iPhone.Build.0 = Release|Any CPU
		{1F4C8E25-7388-401C-8468-147200F28650}.Release|iPhoneSimulator.ActiveCfg = Release|Any CPU
		{1F4C8E25-7388-401C-8468-147200F28650}.Release|iPhoneSimulator.Build.0 = Release|Any CPU
		{1F4C8E25-7388-401C-8468-147200F28650}.Debug|iPhone.ActiveCfg = Debug|Any CPU
		{1F4C8E25-7388-401C-8468-147200F28650}.Debug|iPhone.Build.0 = Debug|Any CPU
	EndGlobalSection
EndGlobal
